
Microsoft Visual Studio Solution File, Format Version 12.00
# Visual Studio Version 17
VisualStudioVersion = 17.0.32112.339
MinimumVisualStudioVersion = 10.0.40219.1
Project("{9A19103F-16F7-4668-BE54-9A1E7A4F7556}") = "CoreLayer", "CoreLayer\CoreLayer.csproj", "{200C948C-8CC1-4723-AE45-4608DE2EF729}"
EndProject
Project("{9A19103F-16F7-4668-BE54-9A1E7A4F7556}") = "RepositryLayer", "RepositryLayer\RepositryLayer.csproj", "{C6F24738-EE9C-41DD-8E3B-B64AA088B2C0}"
EndProject
Project("{9A19103F-16F7-4668-BE54-9A1E7A4F7556}") = "ServicesLayer", "ServicesLayer\ServicesLayer.csproj", "{D9E5B7AA-9706-4DAF-8545-EB8CDB72BD43}"
EndProject
Project("{9A19103F-16F7-4668-BE54-9A1E7A4F7556}") = "AlgorizaAPI", "AlgorizaAPI\AlgorizaAPI.csproj", "{9BE2BE64-17B5-411B-BDD1-39A694ADF271}"
EndProject
Project("{FAE04EC0-301F-11D3-BF4B-00C04F79EFBC}") = "UnitOfWorkLayer", "UnitOfWorkLayer\UnitOfWorkLayer.csproj", "{4E6714EF-401F-4275-92B8-9C95B7819C8D}"
EndProject
Global
	GlobalSection(SolutionConfigurationPlatforms) = preSolution
		Debug|Any CPU = Debug|Any CPU
		Release|Any CPU = Release|Any CPU
	EndGlobalSection
	GlobalSection(ProjectConfigurationPlatforms) = postSolution
		{200C948C-8CC1-4723-AE45-4608DE2EF729}.Debug|Any CPU.ActiveCfg = Debug|Any CPU
		{200C948C-8CC1-4723-AE45-4608DE2EF729}.Debug|Any CPU.Build.0 = Debug|Any CPU
		{200C948C-8CC1-4723-AE45-4608DE2EF729}.Release|Any CPU.ActiveCfg = Release|Any CPU
		{200C948C-8CC1-4723-AE45-4608DE2EF729}.Release|Any CPU.Build.0 = Release|Any CPU
		{C6F24738-EE9C-41DD-8E3B-B64AA088B2C0}.Debug|Any CPU.ActiveCfg = Debug|Any CPU
		{C6F24738-EE9C-41DD-8E3B-B64AA088B2C0}.Debug|Any CPU.Build.0 = Debug|Any CPU
		{C6F24738-EE9C-41DD-8E3B-B64AA088B2C0}.Release|Any CPU.ActiveCfg = Release|Any CPU
		{C6F24738-EE9C-41DD-8E3B-B64AA088B2C0}.Release|Any CPU.Build.0 = Release|Any CPU
		{D9E5B7AA-9706-4DAF-8545-EB8CDB72BD43}.Debug|Any CPU.ActiveCfg = Debug|Any CPU
		{D9E5B7AA-9706-4DAF-8545-EB8CDB72BD43}.Debug|Any CPU.Build.0 = Debug|Any CPU
		{D9E5B7AA-9706-4DAF-8545-EB8CDB72BD43}.Release|Any CPU.ActiveCfg = Release|Any CPU
		{D9E5B7AA-9706-4DAF-8545-EB8CDB72BD43}.Release|Any CPU.Build.0 = Release|Any CPU
		{9BE2BE64-17B5-411B-BDD1-39A694ADF271}.Debug|Any CPU.ActiveCfg = Debug|Any CPU
		{9BE2BE64-17B5-411B-BDD1-39A694ADF271}.Debug|Any CPU.Build.0 = Debug|Any CPU
		{9BE2BE64-17B5-411B-BDD1-39A694ADF271}.Release|Any CPU.ActiveCfg = Release|Any CPU
		{9BE2BE64-17B5-411B-BDD1-39A694ADF271}.Release|Any CPU.Build.0 = Release|Any CPU
		{4E6714EF-401F-4275-92B8-9C95B7819C8D}.Debug|Any CPU.ActiveCfg = Debug|Any CPU
		{4E6714EF-401F-4275-92B8-9C95B7819C8D}.Debug|Any CPU.Build.0 = Debug|Any CPU
		{4E6714EF-401F-4275-92B8-9C95B7819C8D}.Release|Any CPU.ActiveCfg = Release|Any CPU
		{4E6714EF-401F-4275-92B8-9C95B7819C8D}.Release|Any CPU.Build.0 = Release|Any CPU
	EndGlobalSection
	GlobalSection(SolutionProperties) = preSolution
		HideSolutionNode = FALSE
	EndGlobalSection
	GlobalSection(ExtensibilityGlobals) = postSolution
		SolutionGuid = {CC771F51-3B42-490D-A183-70ADDE246817}
	EndGlobalSection
EndGlobal
